# This file was autogenerated by Stack.
# You should not edit this file by hand.
# For more information, please see the documentation at:
#   https://docs.haskellstack.org/en/stable/lock_files

packages:
- completed:
    hackage: tasty-html-0.4.1.2@sha256:7c8be5359940fcbd0228b9a1f5dc9a1113a9a5e03dc9b9ae018eb17f870aef13,1241
    pantry-tree:
      size: 608
      sha256: b0bccc20c9438f1353dedf7efc70716e58e6fc7e741a47617e9a6c1be59f0a1d
  original:
    hackage: tasty-html-0.4.1.2
- completed:
    hackage: brick-0.41.3@sha256:c4a2f8736c1700d159e8b3d44dd41490b03322dfee0bdd15f76fad0d11957dd9,13166
    pantry-tree:
      size: 3555
      sha256: 8ea3f3a8b7fc6bad27e5848f34b559f083d8ca0ee843536b00db7eb9c59b2ad1
  original:
    hackage: brick-0.41.3@sha256:c4a2f8736c1700d159e8b3d44dd41490b03322dfee0bdd15f76fad0d11957dd9,13166
- completed:
    hackage: config-ini-0.2.4.0@sha256:38a6d484d471c6fac81445de2eac8c4e8c82760962fca5491ae1c3bfca9c4047,3232
    pantry-tree:
      size: 886
      sha256: b608472507ec84e468f768acab36d8c85b46bcf918f2a60604fff46137160d2d
  original:
    hackage: config-ini-0.2.4.0@sha256:38a6d484d471c6fac81445de2eac8c4e8c82760962fca5491ae1c3bfca9c4047,3232
- completed:
    hackage: data-clist-0.1.2.1@sha256:0bc647a0a1414cb66523f06879f64fefe9567a0dfbfa88207344142db20d8cf7,936
    pantry-tree:
      size: 219
      sha256: e5a3bf0ffbd477dbec9e89a366803f8be426db7be6558b16abb3cb549b3f9032
  original:
    hackage: data-clist-0.1.2.1@sha256:0bc647a0a1414cb66523f06879f64fefe9567a0dfbfa88207344142db20d8cf7,936
- completed:
    hackage: text-zipper-0.10.1@sha256:8b73a97a3717a17df9b0a722b178950c476ff2268ca5c583e99d010c94af849e,1471
    pantry-tree:
      size: 600
      sha256: ebd5f0e2fc8c59b1bde6706cef1fdb012d52bb26b3953a97a4fa6502f56cdd65
  original:
    hackage: text-zipper-0.10.1@sha256:8b73a97a3717a17df9b0a722b178950c476ff2268ca5c583e99d010c94af849e,1471
- completed:
    hackage: vty-5.25.1@sha256:45ecd481dc319d68cf5969fc2ff18b22b8ae03f7534d94bd4bc8ad3dfe94fc3b,20267
    pantry-tree:
      size: 4868
      sha256: c54859d2d094eb90862e08b7d9bd80ef6cd16cc4b848d2c682fb4e9ead2187ce
  original:
    hackage: vty-5.25.1@sha256:45ecd481dc319d68cf5969fc2ff18b22b8ae03f7534d94bd4bc8ad3dfe94fc3b,20267
- completed:
    hackage: word-wrap-0.4.1@sha256:f72233b383ef569c557bfd9812cbb8e306c415ce509082c0bd15ee51c0239ccc,1606
    pantry-tree:
      size: 423
      sha256: dcf5071895ee477e60e3c9de1e30eb711e11e9a7335db160616f80baeb20ad71
  original:
    hackage: word-wrap-0.4.1@sha256:f72233b383ef569c557bfd9812cbb8e306c415ce509082c0bd15ee51c0239ccc,1606
- completed:
    hackage: megaparsec-7.0.4@sha256:a7397151601cbe6b8f831f8bdad1a10118dcd6d9a7ee50d6bbdcfbd1181b4ba2,6202
    pantry-tree:
      size: 2647
      sha256: ab1608bf3230f6f3242fd49f4aa60025698c831f2cfb3496ccbdadf7840848e9
  original:
    hackage: megaparsec-7.0.4@sha256:a7397151601cbe6b8f831f8bdad1a10118dcd6d9a7ee50d6bbdcfbd1181b4ba2,6202
- completed:
    hackage: rotating-log-0.4.3@sha256:ae14ce4b89df481746ffa4edb269b25b0479f7fb4cd08e457541ccef3f8052d4,1368
    pantry-tree:
      size: 380
      sha256: 9eb07f1a69003c05935ca65e76464b619119329ac7a1aad838f8f74facfde6af
  original:
    hackage: rotating-log-0.4.3@sha256:ae14ce4b89df481746ffa4edb269b25b0479f7fb4cd08e457541ccef3f8052d4
- completed:
    hackage: groundhog-th-0.10.2@sha256:6e2715a263266be00c989e164f831dd739554de82d8f4f0c58ce6c1b0e46b4a0,1340
    pantry-tree:
      size: 422
      sha256: fa985e297793201eb2f0b958e1a53974eccdd61cb17c0efa4599119cbe6aa6d9
  original:
    hackage: groundhog-th-0.10.2@sha256:6e2715a263266be00c989e164f831dd739554de82d8f4f0c58ce6c1b0e46b4a0,1340
- completed:
    cabal-file:
      size: 1308
      sha256: f82e2ffee2a9bf397d483c3ee6cd797f6960472e426e263ab0a383318ebd6a83
    name: doctest-discover
    version: 0.2.0.0
    git: git@github.com:sclaw/doctest-discover.git
    pantry-tree:
      size: 991
      sha256: eda403047eb62fdb026297742ca22106689a684ae586362519df8a3faf03af6e
    commit: 62ecf0786d0cf28644c5cc106004e259d1388b4a
  original:
    git: git@github.com:sclaw/doctest-discover.git
    commit: 62ecf0786d0cf28644c5cc106004e259d1388b4a
- completed:
    hackage: servant-websockets-1.1.0@sha256:3e384b0565a081f83da8935cccc0817fda120af9119befe55a0515efc4a44bfc,2188
    pantry-tree:
      size: 522
      sha256: c1023a0b633a762a6df30a8553b98b118daea5e24fecf143ab8c3e621c31744c
  original:
    hackage: servant-websockets-1.1.0
- completed:
    hackage: pretty-tree-0.1.0.0@sha256:49b0e17008f9d30328db2bcc2958f3a7b78d154d2335c2dbaa2073e237b524ae,668
    pantry-tree:
      size: 214
      sha256: 810d2e5cafbecd6d0d0af42b2522d9e55be0241a03a688cdde2cca10490e1b0a
  original:
    hackage: pretty-tree-0.1.0.0@sha256:49b0e17008f9d30328db2bcc2958f3a7b78d154d2335c2dbaa2073e237b524ae
- completed:
    hackage: pwstore-fast-2.4.4@sha256:9b6a37510d8b9f37f409a8ab3babac9181afcaaa3fce8ba1c131a7ed3de30698,1351
    pantry-tree:
      size: 270
      sha256: ff4a44ede62515efe5cd366a5803f7183c811c4a0cf56eea88da94181c4844c0
  original:
    hackage: pwstore-fast-2.4.4@sha256:9b6a37510d8b9f37f409a8ab3babac9181afcaaa3fce8ba1c131a7ed3de30698
- completed:
    hackage: servant-ekg-0.3@sha256:1a578afd662b2f9133455daff50a3822c568e2e106108cf64daa4481a6d585a6,2199
    pantry-tree:
      size: 552
      sha256: 578fe50fab4f5d636e1e9034183a19f69348f8047e095536b288c9e4b510b075
  original:
    hackage: servant-ekg-0.3@sha256:1a578afd662b2f9133455daff50a3822c568e2e106108cf64daa4481a6d585a6
- completed:
    hackage: ginger-0.9.0.0@sha256:c3e67555f47fbd83d92ff56f66bc7897619a1a92dc8fd2203ddbbaffca726265,3768
    pantry-tree:
      size: 1430
      sha256: 5486c53d6b6a44ac24e005892c9fd1589548cb31a39fa1eaf70a41018a2a58da
  original:
    hackage: ginger-0.9.0.0@sha256:c3e67555f47fbd83d92ff56f66bc7897619a1a92dc8fd2203ddbbaffca726265
- completed:
    hackage: aeson-injector-1.1.1.0@sha256:499122221731ffa2ef0be90c7eff9e641ccbafd5e1f9e90dc16565af8e7dbcc1,1695
    pantry-tree:
      size: 445
      sha256: 0bcdb9deab677ba71bfe4074507984dfcfa8b9e1e13baa35b0fed9690b6223d3
  original:
    hackage: aeson-injector-1.1.1.0@sha256:499122221731ffa2ef0be90c7eff9e641ccbafd5e1f9e90dc16565af8e7dbcc1
- completed:
    hackage: exception-hierarchy-0.1.0.2@sha256:a38e5d85e9aae6b2e6e996e48b5aee6d03bad7df6a1b001d9af12767a51b8d7d,848
    pantry-tree:
      size: 299
      sha256: 7ec561a5f61fe2584b2d322ce5896db0ec4b485b6213aeaf7b0d5fbaf3f85056
  original:
    hackage: exception-hierarchy-0.1.0.2@sha256:a38e5d85e9aae6b2e6e996e48b5aee6d03bad7df6a1b001d9af12767a51b8d7d
- completed:
    hackage: proto3-suite-0.3.0.0@sha256:a89fd56f04bff5a9365a1e8f19b73a021c8153ac7763cc7436546d2b154fae39,5507
    pantry-tree:
      size: 2892
      sha256: f2cc4485d5e0571821bda54248a0fde6ac2e61f6dfcd0f5cd15355281255437e
  original:
    hackage: proto3-suite-0.3.0.0@sha256:a89fd56f04bff5a9365a1e8f19b73a021c8153ac7763cc7436546d2b154fae39,5507
- completed:
    hackage: proto3-wire-1.0.0@sha256:8f59b61300cde2f1836d139145b65fe19c2a471f5f1b80ed585817800decc5c0,1887
    pantry-tree:
      size: 601
      sha256: 69b49e2fe4f9c2f4604791c7617c298775dd363a392a558dc611f37a522a34a3
  original:
    hackage: proto3-wire-1.0.0@sha256:8f59b61300cde2f1836d139145b65fe19c2a471f5f1b80ed585817800decc5c0,1887
snapshots:
- completed:
    size: 497508
    url: https://raw.githubusercontent.com/commercialhaskell/stackage-snapshots/master/lts/13/17.yaml
    sha256: 3d8fabe77d4f7618554cfb1001c820b9859820b8639bfd6f02a1c41660afb53b
  original: lts-13.17
